<?xml version="1.0" encoding="utf-8"?>
<Project ToolsVersion="4.0" xmlns="http://schemas.microsoft.com/developer/msbuild/2003">
  <ItemGroup>
    <Filter Include="Source Files">
      <UniqueIdentifier>{4FC737F1-C7A5-4376-A066-2A32D752A2FF}</UniqueIdentifier>
      <Extensions>cpp;c;cc;cxx;def;odl;idl;hpj;bat;asm;asmx</Extensions>
    </Filter>
    <Filter Include="Header Files">
      <UniqueIdentifier>{93995380-89BD-4b04-88EB-625FBE52EBFB}</UniqueIdentifier>
      <Extensions>h;hh;hpp;hxx;hm;inl;inc;ipp;xsd</Extensions>
    </Filter>
    <Filter Include="Resource Files">
      <UniqueIdentifier>{67DA6AB6-F800-4c08-8B7A-83BB121AAD01}</UniqueIdentifier>
      <Extensions>rc;ico;cur;bmp;dlg;rc2;rct;bin;rgs;gif;jpg;jpeg;jpe;resx;tiff;tif;png;wav;mfcribbon-ms</Extensions>
    </Filter>
    <Filter Include="Header Files\shader">
      <UniqueIdentifier>{ea98fa61-18f2-4c6f-85aa-d0803f599197}</UniqueIdentifier>
    </Filter>
    <Filter Include="Header Files\gxm">
      <UniqueIdentifier>{5010edfd-44d0-4aef-8f33-5d53572d9d2d}</UniqueIdentifier>
    </Filter>
    <Filter Include="Header Files\mem">
      <UniqueIdentifier>{48f19a23-e3c0-48a7-a739-96de4347b71d}</UniqueIdentifier>
    </Filter>
    <Filter Include="Header Files\util">
      <UniqueIdentifier>{6ca1b946-5f1f-4fa4-8d2d-a796425ca187}</UniqueIdentifier>
    </Filter>
    <Filter Include="Header Files\features">
      <UniqueIdentifier>{d4a3b83e-1043-43ab-9b6a-2614f1354041}</UniqueIdentifier>
    </Filter>
  </ItemGroup>
  <ItemGroup>
    <ClInclude Include="shader\usse_translator.h">
      <Filter>Header Files\shader</Filter>
    </ClInclude>
    <ClInclude Include="shader\types_imm.h">
      <Filter>Header Files\shader</Filter>
    </ClInclude>
    <ClInclude Include="shader\usse_constant_table.h">
      <Filter>Header Files\shader</Filter>
    </ClInclude>
    <ClInclude Include="shader\usse_decoder_helpers.h">
      <Filter>Header Files\shader</Filter>
    </ClInclude>
    <ClInclude Include="shader\usse_disasm.h">
      <Filter>Header Files\shader</Filter>
    </ClInclude>
    <ClInclude Include="shader\usse_program_analyzer.h">
      <Filter>Header Files\shader</Filter>
    </ClInclude>
    <ClInclude Include="shader\usse_translator_entry.h">
      <Filter>Header Files\shader</Filter>
    </ClInclude>
    <ClInclude Include="shader\usse_types.h">
      <Filter>Header Files\shader</Filter>
    </ClInclude>
    <ClInclude Include="shader\usse_utilities.h">
      <Filter>Header Files\shader</Filter>
    </ClInclude>
    <ClInclude Include="gxm\functions.h">
      <Filter>Header Files\gxm</Filter>
    </ClInclude>
    <ClInclude Include="gxm\state.h">
      <Filter>Header Files\gxm</Filter>
    </ClInclude>
    <ClInclude Include="shader\gxp_parser.h">
      <Filter>Header Files\shader</Filter>
    </ClInclude>
    <ClInclude Include="shader\profile.h">
      <Filter>Header Files\shader</Filter>
    </ClInclude>
    <ClInclude Include="shader\matcher.h">
      <Filter>Header Files\shader</Filter>
    </ClInclude>
    <ClInclude Include="shader\decoder_detail.h">
      <Filter>Header Files\shader</Filter>
    </ClInclude>
    <ClInclude Include="mem\ptr.h">
      <Filter>Header Files\mem</Filter>
    </ClInclude>
    <ClInclude Include="mem\mem.h">
      <Filter>Header Files\mem</Filter>
    </ClInclude>
    <ClInclude Include="util\function_info.h">
      <Filter>Header Files\util</Filter>
    </ClInclude>
    <ClInclude Include="shader\usse_translator_types.h">
      <Filter>Header Files\shader</Filter>
    </ClInclude>
    <ClInclude Include="shader\spirv_recompiler.h">
      <Filter>Header Files\shader</Filter>
    </ClInclude>
    <ClInclude Include="shader\spirv_glsl.hpp">
      <Filter>Header Files\shader</Filter>
    </ClInclude>
    <ClInclude Include="shader\spirv_cross.hpp">
      <Filter>Header Files\shader</Filter>
    </ClInclude>
    <ClInclude Include="shader\spirv_cfg.hpp">
      <Filter>Header Files\shader</Filter>
    </ClInclude>
    <ClInclude Include="shader\spirv_cross_parsed_ir.hpp">
      <Filter>Header Files\shader</Filter>
    </ClInclude>
    <ClInclude Include="shader\spirv.hpp">
      <Filter>Header Files\shader</Filter>
    </ClInclude>
    <ClInclude Include="shader\spirv_common.hpp">
      <Filter>Header Files\shader</Filter>
    </ClInclude>
    <ClInclude Include="shader\spirv_cross_containers.hpp">
      <Filter>Header Files\shader</Filter>
    </ClInclude>
    <ClInclude Include="shader\spirv_cross_error_handling.hpp">
      <Filter>Header Files\shader</Filter>
    </ClInclude>
    <ClInclude Include="util\align.h">
      <Filter>Header Files\util</Filter>
    </ClInclude>
    <ClInclude Include="util\log.h">
      <Filter>Header Files\util</Filter>
    </ClInclude>
    <ClInclude Include="features\state.h">
      <Filter>Header Files\features</Filter>
    </ClInclude>
    <ClInclude Include="util\overloaded.h">
      <Filter>Header Files\util</Filter>
    </ClInclude>
    <ClInclude Include="gxm\types_.h">
      <Filter>Header Files\gxm</Filter>
    </ClInclude>
    <ClInclude Include="gxm\types.h">
      <Filter>Header Files\gxm</Filter>
    </ClInclude>
  </ItemGroup>
  <ItemGroup>
    <ClCompile Include="special.cpp">
      <Filter>Source Files</Filter>
    </ClCompile>
    <ClCompile Include="spirv_recompiler.cpp">
      <Filter>Source Files</Filter>
    </ClCompile>
    <ClCompile Include="texture.cpp">
      <Filter>Source Files</Filter>
    </ClCompile>
    <ClCompile Include="usse_decode_helpers.cpp">
      <Filter>Source Files</Filter>
    </ClCompile>
    <ClCompile Include="usse_disasm.cpp">
      <Filter>Source Files</Filter>
    </ClCompile>
    <ClCompile Include="usse_program_analyzer.cpp">
      <Filter>Source Files</Filter>
    </ClCompile>
    <ClCompile Include="usse_translator_entry.cpp">
      <Filter>Source Files</Filter>
    </ClCompile>
    <ClCompile Include="usse_utilities.cpp">
      <Filter>Source Files</Filter>
    </ClCompile>
    <ClCompile Include="utils.cpp">
      <Filter>Source Files</Filter>
    </ClCompile>
    <ClCompile Include="alu.cpp">
      <Filter>Source Files</Filter>
    </ClCompile>
    <ClCompile Include="branch_cond.cpp">
      <Filter>Source Files</Filter>
    </ClCompile>
    <ClCompile Include="data.cpp">
      <Filter>Source Files</Filter>
    </ClCompile>
    <ClCompile Include="gxp_parser.cpp">
      <Filter>Source Files</Filter>
    </ClCompile>
    <ClCompile Include="ialu.cpp">
      <Filter>Source Files</Filter>
    </ClCompile>
    <ClCompile Include="illegal.cpp">
      <Filter>Source Files</Filter>
    </ClCompile>
    <ClCompile Include="gxp.cpp">
      <Filter>Source Files</Filter>
    </ClCompile>
  </ItemGroup>
  <ItemGroup>
    <None Include="shader\usse_opcodes.inc">
      <Filter>Header Files\shader</Filter>
    </None>
  </ItemGroup>
</Project>